
Microsoft Visual Studio Solution File, Format Version 12.00
# Visual Studio Version 17
VisualStudioVersion = 17.3.32811.315
MinimumVisualStudioVersion = 10.0.40219.1
Project("{FAE04EC0-301F-11D3-BF4B-00C04F79EFBC}") = "p4", "p4\p4.csproj", "{755C3942-9B6E-418D-BBDA-60ABC8EDACA7}"
EndProject
Global
	GlobalSection(SolutionConfigurationPlatforms) = preSolution
		Debug|Any CPU = Debug|Any CPU
		Release|Any CPU = Release|Any CPU
	EndGlobalSection
	GlobalSection(ProjectConfigurationPlatforms) = postSolution
		{755C3942-9B6E-418D-BBDA-60ABC8EDACA7}.Debug|Any CPU.ActiveCfg = Debug|Any CPU
		{755C3942-9B6E-418D-BBDA-60ABC8EDACA7}.Debug|Any CPU.Build.0 = Debug|Any CPU
		{755C3942-9B6E-418D-BBDA-60ABC8EDACA7}.Release|Any CPU.ActiveCfg = Release|Any CPU
		{755C3942-9B6E-418D-BBDA-60ABC8EDACA7}.Release|Any CPU.Build.0 = Release|Any CPU
	EndGlobalSection
	GlobalSection(SolutionProperties) = preSolution
		HideSolutionNode = FALSE
	EndGlobalSection
	GlobalSection(ExtensibilityGlobals) = postSolution
		SolutionGuid = {74E29F4B-B7E9-4C00-9A6E-6318990F5792}
	EndGlobalSection
EndGlobal
